// !$*UTF8*$!
{
	archiveVersion = 1;
	classes = {
	};
	objectVersion = 56;
	objects = {

/* Begin PBXBuildFile section */
		2E1BAB1329E459C200F06A50 /* BoxSpreadIPadApp.swift in Sources */ = {isa = PBXBuildFile; fileRef = 2E1BAB0D29E459C200F06A50 /* BoxSpreadIPadApp.swift */; };
		2E1BAB1429E459C200F06A50 /* ContentView.swift in Sources */ = {isa = PBXBuildFile; fileRef = 2E1BAB0E29E459C200F06A50 /* ContentView.swift */; };
		2E1BAB1529E459C200F06A50 /* Assets.xcassets in Resources */ = {isa = PBXBuildFile; fileRef = 2E1BAB0F29E459C200F06A50 /* Assets.xcassets */; };
		2E1BAB1629E459C200F06A50 /* BoxSpreadIPadTests.swift in Sources */ = {isa = PBXBuildFile; fileRef = 2E1BAB1229E459C200F06A50 /* BoxSpreadIPadTests.swift */; };
/* End PBXBuildFile section */

/* Begin PBXFileReference section */
		2E1BAB0329E459C200F06A50 /* BoxSpreadIPad.app */ = {isa = PBXFileReference; explicitFileType = wrapper.application; includeInIndex = 0; path = BoxSpreadIPad.app; sourceTree = BUILT_PRODUCTS_DIR; };
		2E1BAB0429E459C200F06A50 /* BoxSpreadIPadTests.xctest */ = {isa = PBXFileReference; explicitFileType = wrapper.cfbundle; includeInIndex = 0; path = BoxSpreadIPadTests.xctest; sourceTree = BUILT_PRODUCTS_DIR; };
		2E1BAB0D29E459C200F06A50 /* BoxSpreadIPadApp.swift */ = {isa = PBXFileReference; lastKnownFileType = sourcecode.swift; path = BoxSpreadIPadApp.swift; sourceTree = "<group>"; };
		2E1BAB0E29E459C200F06A50 /* ContentView.swift */ = {isa = PBXFileReference; lastKnownFileType = sourcecode.swift; path = ContentView.swift; sourceTree = "<group>"; };
		2E1BAB0F29E459C200F06A50 /* Assets.xcassets */ = {isa = PBXFileReference; lastKnownFileType = folder.assetcatalog; path = Assets.xcassets; sourceTree = "<group>"; };
		2E1BAB1029E459C200F06A50 /* Preview Assets.xcassets */ = {isa = PBXFileReference; lastKnownFileType = folder.assetcatalog; path = "Preview Assets.xcassets"; sourceTree = "<group>"; };
		2E1BAB1129E459C200F06A50 /* Info.plist */ = {isa = PBXFileReference; lastKnownFileType = text.plist.xml; path = Info.plist; sourceTree = "<group>"; };
		2E1BAB1229E459C200F06A50 /* BoxSpreadIPadTests.swift */ = {isa = PBXFileReference; lastKnownFileType = sourcecode.swift; path = BoxSpreadIPadTests.swift; sourceTree = "<group>"; };
/* End PBXFileReference section */

/* Begin PBXFrameworksBuildPhase section */
		2E1BAB0629E459C200F06A50 /* Frameworks */ = {isa = PBXFrameworksBuildPhase; buildActionMask = 2147483647; files = (
		);
		runOnlyForDeploymentPostprocessing = 0; };
		2E1BAB0929E459C200F06A50 /* Frameworks */ = {isa = PBXFrameworksBuildPhase; buildActionMask = 2147483647; files = (
		);
		runOnlyForDeploymentPostprocessing = 0; };
/* End PBXFrameworksBuildPhase section */

/* Begin PBXGroup section */
		2E1BAB1729E459C200F06A50 = {isa = PBXGroup; children = (
			2E1BAB0B29E459C200F06A50 /* BoxSpreadIPad */,
			2E1BAB0C29E459C200F06A50 /* BoxSpreadIPadTests */,
			2E1BAB1829E459C200F06A50 /* Products */
		); sourceTree = "<group>"; };
		2E1BAB0B29E459C200F06A50 /* BoxSpreadIPad */ = {isa = PBXGroup; children = (
			2E1BAB0D29E459C200F06A50 /* BoxSpreadIPadApp.swift */,
			2E1BAB0E29E459C200F06A50 /* ContentView.swift */,
			2E1BAB1929E459C200F06A50 /* Preview Content */,
			2E1BAB0F29E459C200F06A50 /* Assets.xcassets */,
			2E1BAB1129E459C200F06A50 /* Info.plist */
		); path = BoxSpreadIPad; sourceTree = "<group>"; };
		2E1BAB0C29E459C200F06A50 /* BoxSpreadIPadTests */ = {isa = PBXGroup; children = (
			2E1BAB1229E459C200F06A50 /* BoxSpreadIPadTests.swift */
		); path = BoxSpreadIPadTests; sourceTree = "<group>"; };
		2E1BAB1829E459C200F06A50 /* Products */ = {isa = PBXGroup; children = (
			2E1BAB0329E459C200F06A50 /* BoxSpreadIPad.app */,
			2E1BAB0429E459C200F06A50 /* BoxSpreadIPadTests.xctest */
		); name = Products; sourceTree = "<group>"; };
		2E1BAB1929E459C200F06A50 /* Preview Content */ = {isa = PBXGroup; children = (
			2E1BAB1029E459C200F06A50 /* Preview Assets.xcassets */
		); path = "Preview Content"; sourceTree = "<group>"; };
/* End PBXGroup section */

/* Begin PBXNativeTarget section */
		2E1BAB0129E459C200F06A50 /* BoxSpreadIPad */ = {isa = PBXNativeTarget; buildConfigurationList = 2E1BAB2B29E459C200F06A50 /* Build configuration list for PBXNativeTarget "BoxSpreadIPad" */; buildPhases = (
			2E1BAB0529E459C200F06A50 /* Sources */,
			2E1BAB0629E459C200F06A50 /* Frameworks */,
			2E1BAB0729E459C200F06A50 /* Resources */
		); buildRules = (
		); dependencies = (
		); name = BoxSpreadIPad; productName = BoxSpreadIPad; productReference = 2E1BAB0329E459C200F06A50 /* BoxSpreadIPad.app */; productType = "com.apple.product-type.application"; };
		2E1BAB0229E459C200F06A50 /* BoxSpreadIPadTests */ = {isa = PBXNativeTarget; buildConfigurationList = 2E1BAB2E29E459C200F06A50 /* Build configuration list for PBXNativeTarget "BoxSpreadIPadTests" */; buildPhases = (
			2E1BAB0829E459C200F06A50 /* Sources */,
			2E1BAB0929E459C200F06A50 /* Frameworks */,
			2E1BAB0A29E459C200F06A50 /* Resources */
		); buildRules = (
		); dependencies = (
			2E1BAB1C29E459C200F06A50 /* PBXTargetDependency */
		); name = BoxSpreadIPadTests; productName = BoxSpreadIPadTests; productReference = 2E1BAB0429E459C200F06A50 /* BoxSpreadIPadTests.xctest */; productType = "com.apple.product-type.bundle.unit-test"; };
/* End PBXNativeTarget section */

/* Begin PBXProject section */
		2E1BAB0029E459C200F06A50 /* Project object */ = {isa = PBXProject; attributes = {
			BuildIndependentTargetsInParallel = YES;
			LastSwiftUpdateCheck = 1530;
			LastUpgradeCheck = 1530;
			TargetAttributes = {
				2E1BAB0129E459C200F06A50 = {
					CreatedOnToolsVersion = 15.3;
				};
				2E1BAB0229E459C200F06A50 = {
					CreatedOnToolsVersion = 15.3;
				};
			};
		};
		buildConfigurationList = 2E1BAB2829E459C200F06A50 /* Build configuration list for PBXProject "BoxSpreadIPad" */;
		compatibilityVersion = "Xcode 15.0";
		developmentRegion = en;
		hasScannedForEncodings = 0;
		knownRegions = (
			en,
			Base
		);
		mainGroup = 2E1BAB1729E459C200F06A50;
		productRefGroup = 2E1BAB1829E459C200F06A50 /* Products */;
		projectDirPath = "";
		projectRoot = "";
		targets = (
			2E1BAB0129E459C200F06A50 /* BoxSpreadIPad */,
			2E1BAB0229E459C200F06A50 /* BoxSpreadIPadTests */
		);
	};
/* End PBXProject section */

/* Begin PBXResourcesBuildPhase section */
		2E1BAB0729E459C200F06A50 /* Resources */ = {isa = PBXResourcesBuildPhase; buildActionMask = 2147483647; files = (
			2E1BAB1529E459C200F06A50 /* Assets.xcassets in Resources */
		); runOnlyForDeploymentPostprocessing = 0; };
		2E1BAB0A29E459C200F06A50 /* Resources */ = {isa = PBXResourcesBuildPhase; buildActionMask = 2147483647; files = (
		); runOnlyForDeploymentPostprocessing = 0; };
/* End PBXResourcesBuildPhase section */

/* Begin PBXSourcesBuildPhase section */
		2E1BAB0529E459C200F06A50 /* Sources */ = {isa = PBXSourcesBuildPhase; buildActionMask = 2147483647; files = (
			2E1BAB1329E459C200F06A50 /* BoxSpreadIPadApp.swift in Sources */,
			2E1BAB1429E459C200F06A50 /* ContentView.swift in Sources */
		); runOnlyForDeploymentPostprocessing = 0; };
		2E1BAB0829E459C200F06A50 /* Sources */ = {isa = PBXSourcesBuildPhase; buildActionMask = 2147483647; files = (
			2E1BAB1629E459C200F06A50 /* BoxSpreadIPadTests.swift in Sources */
		); runOnlyForDeploymentPostprocessing = 0; };
/* End PBXSourcesBuildPhase section */

/* Begin PBXTargetDependency section */
		2E1BAB1C29E459C200F06A50 /* PBXTargetDependency */ = {isa = PBXTargetDependency; target = 2E1BAB0129E459C200F06A50 /* BoxSpreadIPad */; targetProxy = 2E1BAB1B29E459C200F06A50 /* PBXContainerItemProxy */; };
/* End PBXTargetDependency section */

/* Begin PBXContainerItemProxy section */
		2E1BAB1B29E459C200F06A50 /* PBXContainerItemProxy */ = {isa = PBXContainerItemProxy; containerPortal = 2E1BAB0029E459C200F06A50 /* Project object */; proxyType = 1; remoteGlobalIDString = 2E1BAB0129E459C200F06A50; remoteInfo = BoxSpreadIPad; };
/* End PBXContainerItemProxy section */

/* Begin XCBuildConfiguration section */
		2E1BAB2929E459C200F06A50 /* Debug */ = {isa = XCBuildConfiguration; buildSettings = {
			ALWAYS_SEARCH_USER_PATHS = NO;
			CLANG_ANALYZER_NONNULL = YES;
			CLANG_ANALYZER_NUMBER_OBJECT_CONVERSION = YES_AGGRESSIVE;
			CLANG_CXX_LANGUAGE_STANDARD = "gnu++17";
			CLANG_ENABLE_MODULES = YES;
			CLANG_ENABLE_OBJC_ARC = YES;
			CLANG_ENABLE_OBJC_WEAK = YES;
			CLANG_WARN_BLOCK_CAPTURE_AUTORELEASING = YES;
			CLANG_WARN_BOOL_CONVERSION = YES;
			CLANG_WARN_COMMA = YES;
			CLANG_WARN_CONSTANT_CONVERSION = YES;
			CLANG_WARN_DEPRECATED_OBJC_IMPLEMENTATIONS = YES;
			CLANG_WARN_DIRECT_OBJC_ISA_USAGE = YES_ERROR;
			CLANG_WARN_DOCUMENTATION_COMMENTS = YES;
			CLANG_WARN_EMPTY_BODY = YES;
			CLANG_WARN_ENUM_CONVERSION = YES;
			CLANG_WARN_INFINITE_RECURSION = YES;
			CLANG_WARN_INT_CONVERSION = YES;
			CLANG_WARN_NON_LITERAL_NULL_CONVERSION = YES;
			CLANG_WARN_OBJC_IMPLICIT_RETAIN_SELF = YES;
			CLANG_WARN_OBJC_LITERAL_CONVERSION = YES;
			CLANG_WARN_OBJC_ROOT_CLASS = YES_ERROR;
			CLANG_WARN_RANGE_LOOP_ANALYSIS = YES;
			CLANG_WARN_STRICT_PROTOTYPES = YES;
			CLANG_WARN_SUSPICIOUS_MOVE = YES;
			CLANG_WARN_UNGUARDED_AVAILABILITY = YES_AGGRESSIVE;
			CODE_SIGNING_ALLOWED = NO;
			CODE_SIGNING_REQUIRED = NO;
			COPY_PHASE_STRIP = NO;
			DEBUG_INFORMATION_FORMAT = dwarf;
			ENABLE_STRICT_OBJC_MSGSEND = YES;
			ENABLE_TESTABILITY = YES;
			GCC_C_LANGUAGE_STANDARD = gnu11;
			GCC_DYNAMIC_NO_PIC = NO;
			GCC_NO_COMMON_BLOCKS = YES;
			GCC_OPTIMIZATION_LEVEL = 0;
			GCC_PREPROCESSOR_DEFINITIONS = (
				"DEBUG=1",
				"$(inherited)"
			);
			GCC_WARN_64_TO_32_BIT_CONVERSION = YES;
			GCC_WARN_ABOUT_RETURN_TYPE = YES_ERROR;
			GCC_WARN_UNDECLARED_SELECTOR = YES;
			GCC_WARN_UNINITIALIZED_AUTOS = YES_AGGRESSIVE;
			GCC_WARN_UNUSED_FUNCTION = YES;
			GCC_WARN_UNUSED_VARIABLE = YES;
			IPHONEOS_DEPLOYMENT_TARGET = 16.0;
			MTL_ENABLE_DEBUG_INFO = INCLUDE_SOURCE;
			ONLY_ACTIVE_ARCH = YES;
			SDKROOT = iphoneos;
			SWIFT_ACTIVE_COMPILATION_CONDITIONS = DEBUG;
			SWIFT_OPTIMIZATION_LEVEL = "-Onone";
			TARGETED_DEVICE_FAMILY = "1,2";
		}; name = Debug; };
		2E1BAB2A29E459C200F06A50 /* Release */ = {isa = XCBuildConfiguration; buildSettings = {
			ALWAYS_SEARCH_USER_PATHS = NO;
			CLANG_ANALYZER_NONNULL = YES;
			CLANG_ANALYZER_NUMBER_OBJECT_CONVERSION = YES_AGGRESSIVE;
			CLANG_CXX_LANGUAGE_STANDARD = "gnu++17";
			CLANG_ENABLE_MODULES = YES;
			CLANG_ENABLE_OBJC_ARC = YES;
			CLANG_ENABLE_OBJC_WEAK = YES;
			CLANG_WARN_BLOCK_CAPTURE_AUTORELEASING = YES;
			CLANG_WARN_BOOL_CONVERSION = YES;
			CLANG_WARN_COMMA = YES;
			CLANG_WARN_CONSTANT_CONVERSION = YES;
			CLANG_WARN_DEPRECATED_OBJC_IMPLEMENTATIONS = YES;
			CLANG_WARN_DIRECT_OBJC_ISA_USAGE = YES_ERROR;
			CLANG_WARN_DOCUMENTATION_COMMENTS = YES;
			CLANG_WARN_EMPTY_BODY = YES;
			CLANG_WARN_ENUM_CONVERSION = YES;
			CLANG_WARN_INFINITE_RECURSION = YES;
			CLANG_WARN_INT_CONVERSION = YES;
			CLANG_WARN_NON_LITERAL_NULL_CONVERSION = YES;
			CLANG_WARN_OBJC_IMPLICIT_RETAIN_SELF = YES;
			CLANG_WARN_OBJC_LITERAL_CONVERSION = YES;
			CLANG_WARN_OBJC_ROOT_CLASS = YES_ERROR;
			CLANG_WARN_RANGE_LOOP_ANALYSIS = YES;
			CLANG_WARN_STRICT_PROTOTYPES = YES;
			CLANG_WARN_SUSPICIOUS_MOVE = YES;
			CLANG_WARN_UNGUARDED_AVAILABILITY = YES_AGGRESSIVE;
			CODE_SIGNING_ALLOWED = NO;
			CODE_SIGNING_REQUIRED = NO;
			COPY_PHASE_STRIP = NO;
			DEBUG_INFORMATION_FORMAT = "dwarf-with-dsym";
			ENABLE_NS_ASSERTIONS = NO;
			ENABLE_STRICT_OBJC_MSGSEND = YES;
			GCC_C_LANGUAGE_STANDARD = gnu11;
			GCC_NO_COMMON_BLOCKS = YES;
			GCC_WARN_64_TO_32_BIT_CONVERSION = YES;
			GCC_WARN_ABOUT_RETURN_TYPE = YES_ERROR;
			GCC_WARN_UNDECLARED_SELECTOR = YES;
			GCC_WARN_UNINITIALIZED_AUTOS = YES_AGGRESSIVE;
			GCC_WARN_UNUSED_FUNCTION = YES;
			GCC_WARN_UNUSED_VARIABLE = YES;
			IPHONEOS_DEPLOYMENT_TARGET = 16.0;
			MTL_ENABLE_DEBUG_INFO = NO;
			SDKROOT = iphoneos;
			SWIFT_COMPILATION_MODE = wholemodule;
			SWIFT_OPTIMIZATION_LEVEL = "-O";
			TARGETED_DEVICE_FAMILY = "1,2";
			VALIDATE_PRODUCT = YES;
		}; name = Release; };
		2E1BAB2C29E459C200F06A50 /* Debug */ = {isa = XCBuildConfiguration; buildSettings = {
			ASSETCATALOG_COMPILER_APPICON_NAME = AppIcon;
			CODE_SIGN_IDENTITY = "";
			CODE_SIGN_STYLE = Automatic;
			CURRENT_PROJECT_VERSION = 1;
			DEVELOPMENT_TEAM = "";
			GENERATE_INFOPLIST_FILE = NO;
			INFOPLIST_FILE = BoxSpreadIPad/Info.plist;
			INFOPLIST_KEY_UIApplicationSceneManifest_Generation = YES;
			INFOPLIST_KEY_UIApplicationSupportsIndirectInputEvents = YES;
			INFOPLIST_KEY_UIRequiresFullScreen = YES;
			INFOPLIST_KEY_UISupportedInterfaceOrientations_iPad = "UIInterfaceOrientationPortrait UIInterfaceOrientationPortraitUpsideDown UIInterfaceOrientationLandscapeLeft UIInterfaceOrientationLandscapeRight";
			LD_RUNPATH_SEARCH_PATHS = "$(inherited) @executable_path/Frameworks";
			MARKETING_VERSION = 1.0;
			PRODUCT_BUNDLE_IDENTIFIER = com.ib.boxspread.ipad;
			PRODUCT_NAME = "$(TARGET_NAME)";
			SDKROOT = iphoneos;
			SUPPORTED_PLATFORMS = "iphonesimulator iphonesimulator-xr iphoneos";
			SWIFT_EMIT_LOC_STRINGS = NO;
			SWIFT_VERSION = 5.0;
			TARGETED_DEVICE_FAMILY = 2;
			IPHONEOS_DEPLOYMENT_TARGET = 16.0;
			CODE_SIGNING_ALLOWED = NO;
			CODE_SIGNING_REQUIRED = NO;
		}; name = Debug; };
		2E1BAB2D29E459C200F06A50 /* Release */ = {isa = XCBuildConfiguration; buildSettings = {
			ASSETCATALOG_COMPILER_APPICON_NAME = AppIcon;
			CODE_SIGN_IDENTITY = "";
			CODE_SIGN_STYLE = Automatic;
			CURRENT_PROJECT_VERSION = 1;
			DEVELOPMENT_TEAM = "";
			GENERATE_INFOPLIST_FILE = NO;
			INFOPLIST_FILE = BoxSpreadIPad/Info.plist;
			INFOPLIST_KEY_UIApplicationSceneManifest_Generation = YES;
			INFOPLIST_KEY_UIApplicationSupportsIndirectInputEvents = YES;
			INFOPLIST_KEY_UIRequiresFullScreen = YES;
			INFOPLIST_KEY_UISupportedInterfaceOrientations_iPad = "UIInterfaceOrientationPortrait UIInterfaceOrientationPortraitUpsideDown UIInterfaceOrientationLandscapeLeft UIInterfaceOrientationLandscapeRight";
			LD_RUNPATH_SEARCH_PATHS = "$(inherited) @executable_path/Frameworks";
			MARKETING_VERSION = 1.0;
			PRODUCT_BUNDLE_IDENTIFIER = com.ib.boxspread.ipad;
			PRODUCT_NAME = "$(TARGET_NAME)";
			SDKROOT = iphoneos;
			SUPPORTED_PLATFORMS = "iphonesimulator iphonesimulator-xr iphoneos";
			SWIFT_EMIT_LOC_STRINGS = NO;
			SWIFT_VERSION = 5.0;
			TARGETED_DEVICE_FAMILY = 2;
			IPHONEOS_DEPLOYMENT_TARGET = 16.0;
			CODE_SIGNING_ALLOWED = NO;
			CODE_SIGNING_REQUIRED = NO;
		}; name = Release; };
		2E1BAB2F29E459C200F06A50 /* Debug */ = {isa = XCBuildConfiguration; buildSettings = {
			CODE_SIGN_STYLE = Automatic;
			DEVELOPMENT_TEAM = "";
			GENERATE_INFOPLIST_FILE = YES;
			IPHONEOS_DEPLOYMENT_TARGET = 16.0;
			PRODUCT_BUNDLE_IDENTIFIER = com.ib.boxspread.ipadTests;
			SWIFT_EMIT_LOC_STRINGS = NO;
			SWIFT_VERSION = 5.0;
			CODE_SIGNING_ALLOWED = NO;
			CODE_SIGNING_REQUIRED = NO;
		}; name = Debug; };
		2E1BAB3029E459C200F06A50 /* Release */ = {isa = XCBuildConfiguration; buildSettings = {
			CODE_SIGN_STYLE = Automatic;
			DEVELOPMENT_TEAM = "";
			GENERATE_INFOPLIST_FILE = YES;
			IPHONEOS_DEPLOYMENT_TARGET = 16.0;
			PRODUCT_BUNDLE_IDENTIFIER = com.ib.boxspread.ipadTests;
			SWIFT_EMIT_LOC_STRINGS = NO;
			SWIFT_VERSION = 5.0;
			CODE_SIGNING_ALLOWED = NO;
			CODE_SIGNING_REQUIRED = NO;
		}; name = Release; };
/* End XCBuildConfiguration section */

/* Begin XCConfigurationList section */
		2E1BAB2829E459C200F06A50 /* Build configuration list for PBXProject "BoxSpreadIPad" */ = {isa = XCConfigurationList; buildConfigurations = (
			2E1BAB2929E459C200F06A50 /* Debug */,
			2E1BAB2A29E459C200F06A50 /* Release */
		); defaultConfigurationIsVisible = 0; defaultConfigurationName = Release; };
		2E1BAB2B29E459C200F06A50 /* Build configuration list for PBXNativeTarget "BoxSpreadIPad" */ = {isa = XCConfigurationList; buildConfigurations = (
			2E1BAB2C29E459C200F06A50 /* Debug */,
			2E1BAB2D29E459C200F06A50 /* Release */
		); defaultConfigurationIsVisible = 0; defaultConfigurationName = Release; };
		2E1BAB2E29E459C200F06A50 /* Build configuration list for PBXNativeTarget "BoxSpreadIPadTests" */ = {isa = XCConfigurationList; buildConfigurations = (
			2E1BAB2F29E459C200F06A50 /* Debug */,
			2E1BAB3029E459C200F06A50 /* Release */
		); defaultConfigurationIsVisible = 0; defaultConfigurationName = Release; };
/* End XCConfigurationList section */

	};
	rootObject = 2E1BAB0029E459C200F06A50 /* Project object */;
}
